// !$*UTF8*$!
{
	archiveVersion = 1;
	classes = {
	};
	objectVersion = 46;
	objects = {

/* Begin PBXBuildFile section */
		192A2CD21D0C51C9004788DF /* AppDelegate.swift in Sources */ = {isa = PBXBuildFile; fileRef = 192A2CD11D0C51C9004788DF /* AppDelegate.swift */; };
		192A2CD41D0C51C9004788DF /* ViewController.swift in Sources */ = {isa = PBXBuildFile; fileRef = 192A2CD31D0C51C9004788DF /* ViewController.swift */; };
		192A2CD71D0C51C9004788DF /* Main.storyboard in Resources */ = {isa = PBXBuildFile; fileRef = 192A2CD51D0C51C9004788DF /* Main.storyboard */; };
		192A2CD91D0C51C9004788DF /* Assets.xcassets in Resources */ = {isa = PBXBuildFile; fileRef = 192A2CD81D0C51C9004788DF /* Assets.xcassets */; };
		192A2CDC1D0C51C9004788DF /* LaunchScreen.storyboard in Resources */ = {isa = PBXBuildFile; fileRef = 192A2CDA1D0C51C9004788DF /* LaunchScreen.storyboard */; };
		192A2CE71D0C51C9004788DF /* ElectionAPPTests.swift in Sources */ = {isa = PBXBuildFile; fileRef = 192A2CE61D0C51C9004788DF /* ElectionAPPTests.swift */; };
		192A2CF21D0C51CA004788DF /* ElectionAPPUITests.swift in Sources */ = {isa = PBXBuildFile; fileRef = 192A2CF11D0C51CA004788DF /* ElectionAPPUITests.swift */; };
		1996841A1D0EF55700E45E4D /* escolhidos.csv in Resources */ = {isa = PBXBuildFile; fileRef = 199684191D0EF55700E45E4D /* escolhidos.csv */; };
		1996841D1D0EF5CB00E45E4D /* Escolhidos.swift in Sources */ = {isa = PBXBuildFile; fileRef = 1996841C1D0EF5CB00E45E4D /* Escolhidos.swift */; };
		19E8EBE51D0E47A100C497DF /* ChosenCollectionViewCell.swift in Sources */ = {isa = PBXBuildFile; fileRef = 19E8EBE41D0E47A100C497DF /* ChosenCollectionViewCell.swift */; };
/* End PBXBuildFile section */

/* Begin PBXContainerItemProxy section */
		192A2CE31D0C51C9004788DF /* PBXContainerItemProxy */ = {
			isa = PBXContainerItemProxy;
			containerPortal = 192A2CC61D0C51C9004788DF /* Project object */;
			proxyType = 1;
			remoteGlobalIDString = 192A2CCD1D0C51C9004788DF;
			remoteInfo = ElectionAPP;
		};
		192A2CEE1D0C51C9004788DF /* PBXContainerItemProxy */ = {
			isa = PBXContainerItemProxy;
			containerPortal = 192A2CC61D0C51C9004788DF /* Project object */;
			proxyType = 1;
			remoteGlobalIDString = 192A2CCD1D0C51C9004788DF;
			remoteInfo = ElectionAPP;
		};
/* End PBXContainerItemProxy section */

/* Begin PBXFileReference section */
		192A2CCE1D0C51C9004788DF /* ElectionAPP.app */ = {isa = PBXFileReference; explicitFileType = wrapper.application; includeInIndex = 0; path = ElectionAPP.app; sourceTree = BUILT_PRODUCTS_DIR; };
		192A2CD11D0C51C9004788DF /* AppDelegate.swift */ = {isa = PBXFileReference; lastKnownFileType = sourcecode.swift; path = AppDelegate.swift; sourceTree = "<group>"; };
		192A2CD31D0C51C9004788DF /* ViewController.swift */ = {isa = PBXFileReference; lastKnownFileType = sourcecode.swift; path = ViewController.swift; sourceTree = "<group>"; };
		192A2CD61D0C51C9004788DF /* Base */ = {isa = PBXFileReference; lastKnownFileType = file.storyboard; name = Base; path = Base.lproj/Main.storyboard; sourceTree = "<group>"; };
		192A2CD81D0C51C9004788DF /* Assets.xcassets */ = {isa = PBXFileReference; lastKnownFileType = folder.assetcatalog; path = Assets.xcassets; sourceTree = "<group>"; };
		192A2CDB1D0C51C9004788DF /* Base */ = {isa = PBXFileReference; lastKnownFileType = file.storyboard; name = Base; path = Base.lproj/LaunchScreen.storyboard; sourceTree = "<group>"; };
		192A2CDD1D0C51C9004788DF /* Info.plist */ = {isa = PBXFileReference; lastKnownFileType = text.plist.xml; path = Info.plist; sourceTree = "<group>"; };
		192A2CE21D0C51C9004788DF /* ElectionAPPTests.xctest */ = {isa = PBXFileReference; explicitFileType = wrapper.cfbundle; includeInIndex = 0; path = ElectionAPPTests.xctest; sourceTree = BUILT_PRODUCTS_DIR; };
		192A2CE61D0C51C9004788DF /* ElectionAPPTests.swift */ = {isa = PBXFileReference; lastKnownFileType = sourcecode.swift; path = ElectionAPPTests.swift; sourceTree = "<group>"; };
		192A2CE81D0C51C9004788DF /* Info.plist */ = {isa = PBXFileReference; lastKnownFileType = text.plist.xml; path = Info.plist; sourceTree = "<group>"; };
		192A2CED1D0C51C9004788DF /* ElectionAPPUITests.xctest */ = {isa = PBXFileReference; explicitFileType = wrapper.cfbundle; includeInIndex = 0; path = ElectionAPPUITests.xctest; sourceTree = BUILT_PRODUCTS_DIR; };
		192A2CF11D0C51CA004788DF /* ElectionAPPUITests.swift */ = {isa = PBXFileReference; lastKnownFileType = sourcecode.swift; path = ElectionAPPUITests.swift; sourceTree = "<group>"; };
		192A2CF31D0C51CA004788DF /* Info.plist */ = {isa = PBXFileReference; lastKnownFileType = text.plist.xml; path = Info.plist; sourceTree = "<group>"; };
		199684191D0EF55700E45E4D /* escolhidos.csv */ = {isa = PBXFileReference; fileEncoding = 4; lastKnownFileType = text; path = escolhidos.csv; sourceTree = "<group>"; };
		1996841C1D0EF5CB00E45E4D /* Escolhidos.swift */ = {isa = PBXFileReference; fileEncoding = 4; lastKnownFileType = sourcecode.swift; path = Escolhidos.swift; sourceTree = "<group>"; };
		19E8EBE41D0E47A100C497DF /* ChosenCollectionViewCell.swift */ = {isa = PBXFileReference; fileEncoding = 4; lastKnownFileType = sourcecode.swift; path = ChosenCollectionViewCell.swift; sourceTree = "<group>"; };
/* End PBXFileReference section */

/* Begin PBXFrameworksBuildPhase section */
		192A2CCB1D0C51C9004788DF /* Frameworks */ = {
			isa = PBXFrameworksBuildPhase;
			buildActionMask = 2147483647;
			files = (
			);
			runOnlyForDeploymentPostprocessing = 0;
		};
		192A2CDF1D0C51C9004788DF /* Frameworks */ = {
			isa = PBXFrameworksBuildPhase;
			buildActionMask = 2147483647;
			files = (
			);
			runOnlyForDeploymentPostprocessing = 0;
		};
		192A2CEA1D0C51C9004788DF /* Frameworks */ = {
			isa = PBXFrameworksBuildPhase;
			buildActionMask = 2147483647;
			files = (
			);
			runOnlyForDeploymentPostprocessing = 0;
		};
/* End PBXFrameworksBuildPhase section */

/* Begin PBXGroup section */
		192A2CC51D0C51C9004788DF = {
			isa = PBXGroup;
			children = (
				192A2CD01D0C51C9004788DF /* ElectionAPP */,
				192A2CE51D0C51C9004788DF /* ElectionAPPTests */,
				192A2CF01D0C51C9004788DF /* ElectionAPPUITests */,
				192A2CCF1D0C51C9004788DF /* Products */,
			);
			sourceTree = "<group>";
		};
		192A2CCF1D0C51C9004788DF /* Products */ = {
			isa = PBXGroup;
			children = (
				192A2CCE1D0C51C9004788DF /* ElectionAPP.app */,
				192A2CE21D0C51C9004788DF /* ElectionAPPTests.xctest */,
				192A2CED1D0C51C9004788DF /* ElectionAPPUITests.xctest */,
			);
			name = Products;
			sourceTree = "<group>";
		};
		192A2CD01D0C51C9004788DF /* ElectionAPP */ = {
			isa = PBXGroup;
			children = (
				1996841E1D0EF8B400E45E4D /* View */,
				1996841B1D0EF5B500E45E4D /* Model */,
				192A2CD11D0C51C9004788DF /* AppDelegate.swift */,
				192A2CD31D0C51C9004788DF /* ViewController.swift */,
				192A2CD51D0C51C9004788DF /* Main.storyboard */,
				192A2CD81D0C51C9004788DF /* Assets.xcassets */,
				199684191D0EF55700E45E4D /* escolhidos.csv */,
				192A2CDA1D0C51C9004788DF /* LaunchScreen.storyboard */,
				192A2CDD1D0C51C9004788DF /* Info.plist */,
			);
			path = ElectionAPP;
			sourceTree = "<group>";
		};
		192A2CE51D0C51C9004788DF /* ElectionAPPTests */ = {
			isa = PBXGroup;
			children = (
				192A2CE61D0C51C9004788DF /* ElectionAPPTests.swift */,
				192A2CE81D0C51C9004788DF /* Info.plist */,
			);
			path = ElectionAPPTests;
			sourceTree = "<group>";
		};
		192A2CF01D0C51C9004788DF /* ElectionAPPUITests */ = {
			isa = PBXGroup;
			children = (
				192A2CF11D0C51CA004788DF /* ElectionAPPUITests.swift */,
				192A2CF31D0C51CA004788DF /* Info.plist */,
			);
			path = ElectionAPPUITests;
			sourceTree = "<group>";
		};
		1996841B1D0EF5B500E45E4D /* Model */ = {
			isa = PBXGroup;
			children = (
				1996841C1D0EF5CB00E45E4D /* Escolhidos.swift */,
			);
			name = Model;
			sourceTree = "<group>";
		};
		1996841E1D0EF8B400E45E4D /* View */ = {
			isa = PBXGroup;
			children = (
				19E8EBE41D0E47A100C497DF /* ChosenCollectionViewCell.swift */,
			);
			name = View;
			sourceTree = "<group>";
		};
/* End PBXGroup section */

/* Begin PBXNativeTarget section */
		192A2CCD1D0C51C9004788DF /* ElectionAPP */ = {
			isa = PBXNativeTarget;
			buildConfigurationList = 192A2CF61D0C51CA004788DF /* Build configuration list for PBXNativeTarget "ElectionAPP" */;
			buildPhases = (
				192A2CCA1D0C51C9004788DF /* Sources */,
				192A2CCB1D0C51C9004788DF /* Frameworks */,
				192A2CCC1D0C51C9004788DF /* Resources */,
			);
			buildRules = (
			);
			dependencies = (
			);
			name = ElectionAPP;
			productName = ElectionAPP;
			productReference = 192A2CCE1D0C51C9004788DF /* ElectionAPP.app */;
			productType = "com.apple.product-type.application";
		};
		192A2CE11D0C51C9004788DF /* ElectionAPPTests */ = {
			isa = PBXNativeTarget;
			buildConfigurationList = 192A2CF91D0C51CA004788DF /* Build configuration list for PBXNativeTarget "ElectionAPPTests" */;
			buildPhases = (
				192A2CDE1D0C51C9004788DF /* Sources */,
				192A2CDF1D0C51C9004788DF /* Frameworks */,
				192A2CE01D0C51C9004788DF /* Resources */,
			);
			buildRules = (
			);
			dependencies = (
				192A2CE41D0C51C9004788DF /* PBXTargetDependency */,
			);
			name = ElectionAPPTests;
			productName = ElectionAPPTests;
			productReference = 192A2CE21D0C51C9004788DF /* ElectionAPPTests.xctest */;
			productType = "com.apple.product-type.bundle.unit-test";
		};
		192A2CEC1D0C51C9004788DF /* ElectionAPPUITests */ = {
			isa = PBXNativeTarget;
			buildConfigurationList = 192A2CFC1D0C51CA004788DF /* Build configuration list for PBXNativeTarget "ElectionAPPUITests" */;
			buildPhases = (
				192A2CE91D0C51C9004788DF /* Sources */,
				192A2CEA1D0C51C9004788DF /* Frameworks */,
				192A2CEB1D0C51C9004788DF /* Resources */,
			);
			buildRules = (
			);
			dependencies = (
				192A2CEF1D0C51C9004788DF /* PBXTargetDependency */,
			);
			name = ElectionAPPUITests;
			productName = ElectionAPPUITests;
			productReference = 192A2CED1D0C51C9004788DF /* ElectionAPPUITests.xctest */;
			productType = "com.apple.product-type.bundle.ui-testing";
		};
/* End PBXNativeTarget section */

/* Begin PBXProject section */
		192A2CC61D0C51C9004788DF /* Project object */ = {
			isa = PBXProject;
			attributes = {
				LastSwiftUpdateCheck = 0730;
				LastUpgradeCheck = 0730;
				ORGANIZATIONNAME = RMPM;
				TargetAttributes = {
					192A2CCD1D0C51C9004788DF = {
						CreatedOnToolsVersion = 7.3.1;
					};
					192A2CE11D0C51C9004788DF = {
						CreatedOnToolsVersion = 7.3.1;
						TestTargetID = 192A2CCD1D0C51C9004788DF;
					};
					192A2CEC1D0C51C9004788DF = {
						CreatedOnToolsVersion = 7.3.1;
						TestTargetID = 192A2CCD1D0C51C9004788DF;
					};
				};
			};
			buildConfigurationList = 192A2CC91D0C51C9004788DF /* Build configuration list for PBXProject "ElectionAPP" */;
			compatibilityVersion = "Xcode 3.2";
			developmentRegion = English;
			hasScannedForEncodings = 0;
			knownRegions = (
				en,
				Base,
			);
			mainGroup = 192A2CC51D0C51C9004788DF;
			productRefGroup = 192A2CCF1D0C51C9004788DF /* Products */;
			projectDirPath = "";
			projectRoot = "";
			targets = (
				192A2CCD1D0C51C9004788DF /* ElectionAPP */,
				192A2CE11D0C51C9004788DF /* ElectionAPPTests */,
				192A2CEC1D0C51C9004788DF /* ElectionAPPUITests */,
			);
		};
/* End PBXProject section */

/* Begin PBXResourcesBuildPhase section */
		192A2CCC1D0C51C9004788DF /* Resources */ = {
			isa = PBXResourcesBuildPhase;
			buildActionMask = 2147483647;
			files = (
				192A2CDC1D0C51C9004788DF /* LaunchScreen.storyboard in Resources */,
				1996841A1D0EF55700E45E4D /* escolhidos.csv in Resources */,
				192A2CD91D0C51C9004788DF /* Assets.xcassets in Resources */,
				192A2CD71D0C51C9004788DF /* Main.storyboard in Resources */,
			);
			runOnlyForDeploymentPostprocessing = 0;
		};
		192A2CE01D0C51C9004788DF /* Resources */ = {
			isa = PBXResourcesBuildPhase;
			buildActionMask = 2147483647;
			files = (
			);
			runOnlyForDeploymentPostprocessing = 0;
		};
		192A2CEB1D0C51C9004788DF /* Resources */ = {
			isa = PBXResourcesBuildPhase;
			buildActionMask = 2147483647;
			files = (
			);
			runOnlyForDeploymentPostprocessing = 0;
		};
/* End PBXResourcesBuildPhase section */

/* Begin PBXSourcesBuildPhase section */
		192A2CCA1D0C51C9004788DF /* Sources */ = {
			isa = PBXSourcesBuildPhase;
			buildActionMask = 2147483647;
			files = (
				1996841D1D0EF5CB00E45E4D /* Escolhidos.swift in Sources */,
				19E8EBE51D0E47A100C497DF /* ChosenCollectionViewCell.swift in Sources */,
				192A2CD41D0C51C9004788DF /* ViewController.swift in Sources */,
				192A2CD21D0C51C9004788DF /* AppDelegate.swift in Sources */,
			);
			runOnlyForDeploymentPostprocessing = 0;
		};
		192A2CDE1D0C51C9004788DF /* Sources */ = {
			isa = PBXSourcesBuildPhase;
			buildActionMask = 2147483647;
			files = (
				192A2CE71D0C51C9004788DF /* ElectionAPPTests.swift in Sources */,
			);
			runOnlyForDeploymentPostprocessing = 0;
		};
		192A2CE91D0C51C9004788DF /* Sources */ = {
			isa = PBXSourcesBuildPhase;
			buildActionMask = 2147483647;
			files = (
				192A2CF21D0C51CA004788DF /* ElectionAPPUITests.swift in Sources */,
			);
			runOnlyForDeploymentPostprocessing = 0;
		};
/* End PBXSourcesBuildPhase section */

/* Begin PBXTargetDependency section */
		192A2CE41D0C51C9004788DF /* PBXTargetDependency */ = {
			isa = PBXTargetDependency;
			target = 192A2CCD1D0C51C9004788DF /* ElectionAPP */;
			targetProxy = 192A2CE31D0C51C9004788DF /* PBXContainerItemProxy */;
		};
		192A2CEF1D0C51C9004788DF /* PBXTargetDependency */ = {
			isa = PBXTargetDependency;
			target = 192A2CCD1D0C51C9004788DF /* ElectionAPP */;
			targetProxy = 192A2CEE1D0C51C9004788DF /* PBXContainerItemProxy */;
		};
/* End PBXTargetDependency section */

/* Begin PBXVariantGroup section */
		192A2CD51D0C51C9004788DF /* Main.storyboard */ = {
			isa = PBXVariantGroup;
			children = (
				192A2CD61D0C51C9004788DF /* Base */,
			);
			name = Main.storyboard;
			sourceTree = "<group>";
		};
		192A2CDA1D0C51C9004788DF /* LaunchScreen.storyboard */ = {
			isa = PBXVariantGroup;
			children = (
				192A2CDB1D0C51C9004788DF /* Base */,
			);
			name = LaunchScreen.storyboard;
			sourceTree = "<group>";
		};
/* End PBXVariantGroup section */

/* Begin XCBuildConfiguration section */
		192A2CF41D0C51CA004788DF /* Debug */ = {
			isa = XCBuildConfiguration;
			buildSettings = {
				ALWAYS_SEARCH_USER_PATHS = NO;
				CLANG_ANALYZER_NONNULL = YES;
				CLANG_CXX_LANGUAGE_STANDARD = "gnu++0x";
				CLANG_CXX_LIBRARY = "libc++";
				CLANG_ENABLE_MODULES = YES;
				CLANG_ENABLE_OBJC_ARC = YES;
				CLANG_WARN_BOOL_CONVERSION = YES;
				CLANG_WARN_CONSTANT_CONVERSION = YES;
				CLANG_WARN_DIRECT_OBJC_ISA_USAGE = YES_ERROR;
				CLANG_WARN_EMPTY_BODY = YES;
				CLANG_WARN_ENUM_CONVERSION = YES;
				CLANG_WARN_INT_CONVERSION = YES;
				CLANG_WARN_OBJC_ROOT_CLASS = YES_ERROR;
				CLANG_WARN_UNREACHABLE_CODE = YES;
				CLANG_WARN__DUPLICATE_METHOD_MATCH = YES;
				"CODE_SIGN_IDENTITY[sdk=iphoneos*]" = "iPhone Developer";
				COPY_PHASE_STRIP = NO;
				DEBUG_INFORMATION_FORMAT = dwarf;
				ENABLE_STRICT_OBJC_MSGSEND = YES;
				ENABLE_TESTABILITY = YES;
				GCC_C_LANGUAGE_STANDARD = gnu99;
				GCC_DYNAMIC_NO_PIC = NO;
				GCC_NO_COMMON_BLOCKS = YES;
				GCC_OPTIMIZATION_LEVEL = 0;
				GCC_PREPROCESSOR_DEFINITIONS = (
					"DEBUG=1",
					"$(inherited)",
				);
				GCC_WARN_64_TO_32_BIT_CONVERSION = YES;
				GCC_WARN_ABOUT_RETURN_TYPE = YES_ERROR;
				GCC_WARN_UNDECLARED_SELECTOR = YES;
				GCC_WARN_UNINITIALIZED_AUTOS = YES_AGGRESSIVE;
				GCC_WARN_UNUSED_FUNCTION = YES;
				GCC_WARN_UNUSED_VARIABLE = YES;
				IPHONEOS_DEPLOYMENT_TARGET = 9.3;
				MTL_ENABLE_DEBUG_INFO = YES;
				ONLY_ACTIVE_ARCH = YES;
				SDKROOT = iphoneos;
				SWIFT_OPTIMIZATION_LEVEL = "-Onone";
			};
			name = Debug;
		};
		192A2CF51D0C51CA004788DF /* Release */ = {
			isa = XCBuildConfiguration;
			buildSettings = {
				ALWAYS_SEARCH_USER_PATHS = NO;
				CLANG_ANALYZER_NONNULL = YES;
				CLANG_CXX_LANGUAGE_STANDARD = "gnu++0x";
				CLANG_CXX_LIBRARY = "libc++";
				CLANG_ENABLE_MODULES = YES;
				CLANG_ENABLE_OBJC_ARC = YES;
				CLANG_WARN_BOOL_CONVERSION = YES;
				CLANG_WARN_CONSTANT_CONVERSION = YES;
				CLANG_WARN_DIRECT_OBJC_ISA_USAGE = YES_ERROR;
				CLANG_WARN_EMPTY_BODY = YES;
				CLANG_WARN_ENUM_CONVERSION = YES;
				CLANG_WARN_INT_CONVERSION = YES;
				CLANG_WARN_OBJC_ROOT_CLASS = YES_ERROR;
				CLANG_WARN_UNREACHABLE_CODE = YES;
				CLANG_WARN__DUPLICATE_METHOD_MATCH = YES;
				"CODE_SIGN_IDENTITY[sdk=iphoneos*]" = "iPhone Developer";
				COPY_PHASE_STRIP = NO;
				DEBUG_INFORMATION_FORMAT = "dwarf-with-dsym";
				ENABLE_NS_ASSERTIONS = NO;
				ENABLE_STRICT_OBJC_MSGSEND = YES;
				GCC_C_LANGUAGE_STANDARD = gnu99;
				GCC_NO_COMMON_BLOCKS = YES;
				GCC_WARN_64_TO_32_BIT_CONVERSION = YES;
				GCC_WARN_ABOUT_RETURN_TYPE = YES_ERROR;
				GCC_WARN_UNDECLARED_SELECTOR = YES;
				GCC_WARN_UNINITIALIZED_AUTOS = YES_AGGRESSIVE;
				GCC_WARN_UNUSED_FUNCTION = YES;
				GCC_WARN_UNUSED_VARIABLE = YES;
				IPHONEOS_DEPLOYMENT_TARGET = 9.3;
				MTL_ENABLE_DEBUG_INFO = NO;
				SDKROOT = iphoneos;
				VALIDATE_PRODUCT = YES;
			};
			name = Release;
		};
		192A2CF71D0C51CA004788DF /* Debug */ = {
			isa = XCBuildConfiguration;
			buildSettings = {
				ASSETCATALOG_COMPILER_APPICON_NAME = AppIcon;
				INFOPLIST_FILE = ElectionAPP/Info.plist;
				LD_RUNPATH_SEARCH_PATHS = "$(inherited) @executable_path/Frameworks";
				PRODUCT_BUNDLE_IDENTIFIER = ppr.ElectionAPP;
				PRODUCT_NAME = "$(TARGET_NAME)";
			};
			name = Debug;
		};
		192A2CF81D0C51CA004788DF /* Release */ = {
			isa = XCBuildConfiguration;
			buildSettings = {
				ASSETCATALOG_COMPILER_APPICON_NAME = AppIcon;
				INFOPLIST_FILE = ElectionAPP/Info.plist;
				LD_RUNPATH_SEARCH_PATHS = "$(inherited) @executable_path/Frameworks";
				PRODUCT_BUNDLE_IDENTIFIER = ppr.ElectionAPP;
				PRODUCT_NAME = "$(TARGET_NAME)";
			};
			name = Release;
		};
		192A2CFA1D0C51CA004788DF /* Debug */ = {
			isa = XCBuildConfiguration;
			buildSettings = {
				BUNDLE_LOADER = "$(TEST_HOST)";
				INFOPLIST_FILE = ElectionAPPTests/Info.plist;
				LD_RUNPATH_SEARCH_PATHS = "$(inherited) @executable_path/Frameworks @loader_path/Frameworks";
				PRODUCT_BUNDLE_IDENTIFIER = ppr.ElectionAPPTests;
				PRODUCT_NAME = "$(TARGET_NAME)";
				TEST_HOST = "$(BUILT_PRODUCTS_DIR)/ElectionAPP.app/ElectionAPP";
			};
			name = Debug;
		};
		192A2CFB1D0C51CA004788DF /* Release */ = {
			isa = XCBuildConfiguration;
			buildSettings = {
				BUNDLE_LOADER = "$(TEST_HOST)";
				INFOPLIST_FILE = ElectionAPPTests/Info.plist;
				LD_RUNPATH_SEARCH_PATHS = "$(inherited) @executable_path/Frameworks @loader_path/Frameworks";
				PRODUCT_BUNDLE_IDENTIFIER = ppr.ElectionAPPTests;
				PRODUCT_NAME = "$(TARGET_NAME)";
				TEST_HOST = "$(BUILT_PRODUCTS_DIR)/ElectionAPP.app/ElectionAPP";
			};
			name = Release;
		};
		192A2CFD1D0C51CA004788DF /* Debug */ = {
			isa = XCBuildConfiguration;
			buildSettings = {
				INFOPLIST_FILE = ElectionAPPUITests/Info.plist;
				LD_RUNPATH_SEARCH_PATHS = "$(inherited) @executable_path/Frameworks @loader_path/Frameworks";
				PRODUCT_BUNDLE_IDENTIFIER = ppr.ElectionAPPUITests;
				PRODUCT_NAME = "$(TARGET_NAME)";
				TEST_TARGET_NAME = ElectionAPP;
			};
			name = Debug;
		};
		192A2CFE1D0C51CA004788DF /* Release */ = {
			isa = XCBuildConfiguration;
			buildSettings = {
				INFOPLIST_FILE = ElectionAPPUITests/Info.plist;
				LD_RUNPATH_SEARCH_PATHS = "$(inherited) @executable_path/Frameworks @loader_path/Frameworks";
				PRODUCT_BUNDLE_IDENTIFIER = ppr.ElectionAPPUITests;
				PRODUCT_NAME = "$(TARGET_NAME)";
				TEST_TARGET_NAME = ElectionAPP;
			};
			name = Release;
		};
/* End XCBuildConfiguration section */

/* Begin XCConfigurationList section */
		192A2CC91D0C51C9004788DF /* Build configuration list for PBXProject "ElectionAPP" */ = {
			isa = XCConfigurationList;
			buildConfigurations = (
				192A2CF41D0C51CA004788DF /* Debug */,
				192A2CF51D0C51CA004788DF /* Release */,
			);
			defaultConfigurationIsVisible = 0;
			defaultConfigurationName = Release;
		};
		192A2CF61D0C51CA004788DF /* Build configuration list for PBXNativeTarget "ElectionAPP" */ = {
			isa = XCConfigurationList;
			buildConfigurations = (
				192A2CF71D0C51CA004788DF /* Debug */,
				192A2CF81D0C51CA004788DF /* Release */,
			);
			defaultConfigurationIsVisible = 0;
			defaultConfigurationName = Release;
		};
		192A2CF91D0C51CA004788DF /* Build configuration list for PBXNativeTarget "ElectionAPPTests" */ = {
			isa = XCConfigurationList;
			buildConfigurations = (
				192A2CFA1D0C51CA004788DF /* Debug */,
				192A2CFB1D0C51CA004788DF /* Release */,
			);
			defaultConfigurationIsVisible = 0;
			defaultConfigurationName = Release;
		};
		192A2CFC1D0C51CA004788DF /* Build configuration list for PBXNativeTarget "ElectionAPPUITests" */ = {
			isa = XCConfigurationList;
			buildConfigurations = (
				192A2CFD1D0C51CA004788DF /* Debug */,
				192A2CFE1D0C51CA004788DF /* Release */,
			);
			defaultConfigurationIsVisible = 0;
			defaultConfigurationName = Release;
		};
/* End XCConfigurationList section */
	};
	rootObject = 192A2CC61D0C51C9004788DF /* Project object */;
}
